// !$*UTF8*$!
{
	archiveVersion = 1;
	classes = {
	};
	objectVersion = 46;
	objects = {

/* Begin PBXBuildFile section */
		054D1BE7EB384CCE9719CD95 /* libPods.a in Frameworks */ = {isa = PBXBuildFile; fileRef = 64AA3A0BF8A6485B96B535EC /* libPods.a */; };
		4304AE1F19D805AB00F43AA6 /* main.m in Sources */ = {isa = PBXBuildFile; fileRef = 4304AE1E19D805AB00F43AA6 /* main.m */; };
		4304AE2219D805AB00F43AA6 /* AppDelegate.m in Sources */ = {isa = PBXBuildFile; fileRef = 4304AE2119D805AB00F43AA6 /* AppDelegate.m */; };
		4304AE2B19D805AB00F43AA6 /* Main.storyboard in Resources */ = {isa = PBXBuildFile; fileRef = 4304AE2919D805AB00F43AA6 /* Main.storyboard */; };
		4304AE2D19D805AB00F43AA6 /* Images.xcassets in Resources */ = {isa = PBXBuildFile; fileRef = 4304AE2C19D805AB00F43AA6 /* Images.xcassets */; };
		4304AE3019D805AB00F43AA6 /* LaunchScreen.xib in Resources */ = {isa = PBXBuildFile; fileRef = 4304AE2E19D805AB00F43AA6 /* LaunchScreen.xib */; };
		4304AE3C19D805AB00F43AA6 /* VKMessagerTests.m in Sources */ = {isa = PBXBuildFile; fileRef = 4304AE3B19D805AB00F43AA6 /* VKMessagerTests.m */; };
		4304AE4719D8299900F43AA6 /* NKDialogList.m in Sources */ = {isa = PBXBuildFile; fileRef = 4304AE4619D8299900F43AA6 /* NKDialogList.m */; };
		4336CE6519D8A93C00956285 /* NKDialogView.m in Sources */ = {isa = PBXBuildFile; fileRef = 4336CE6419D8A93C00956285 /* NKDialogView.m */; };
		43AA7A3919DAFA38004635B0 /* Default-568h@2x.png in Resources */ = {isa = PBXBuildFile; fileRef = 43AA7A2219DAFA38004635B0 /* Default-568h@2x.png */; };
		43AA7A3A19DAFA38004635B0 /* Default.png in Resources */ = {isa = PBXBuildFile; fileRef = 43AA7A2319DAFA38004635B0 /* Default.png */; };
		43AA7A3B19DAFA38004635B0 /* Default@2x.png in Resources */ = {isa = PBXBuildFile; fileRef = 43AA7A2419DAFA38004635B0 /* Default@2x.png */; };
		43AA7A3E19DAFA38004635B0 /* ImageBubbleMask@2x~iphone.png in Resources */ = {isa = PBXBuildFile; fileRef = 43AA7A2719DAFA38004635B0 /* ImageBubbleMask@2x~iphone.png */; };
		43AA7A3F19DAFA38004635B0 /* ImageBubbleMask~iphone.png in Resources */ = {isa = PBXBuildFile; fileRef = 43AA7A2819DAFA38004635B0 /* ImageBubbleMask~iphone.png */; };
		43AA7A4219DAFA38004635B0 /* CopyLabel.m in Sources */ = {isa = PBXBuildFile; fileRef = 43AA7A2D19DAFA38004635B0 /* CopyLabel.m */; };
		43AA7A4319DAFA38004635B0 /* ImageBubbleAppDelegate.m in Sources */ = {isa = PBXBuildFile; fileRef = 43AA7A2F19DAFA38004635B0 /* ImageBubbleAppDelegate.m */; };
		43AA7A4419DAFA38004635B0 /* ImageBubbleViewController.m in Sources */ = {isa = PBXBuildFile; fileRef = 43AA7A3119DAFA38004635B0 /* ImageBubbleViewController.m */; };
		43AA7A4619DAFA38004635B0 /* MessageBubbleView.m in Sources */ = {isa = PBXBuildFile; fileRef = 43AA7A3419DAFA38004635B0 /* MessageBubbleView.m */; };
		43AA7A4719DAFA38004635B0 /* TextMessageBubbleViewButton.m in Sources */ = {isa = PBXBuildFile; fileRef = 43AA7A3619DAFA38004635B0 /* TextMessageBubbleViewButton.m */; };
		43AA7A4819DAFA38004635B0 /* UIImage+Utils.m in Sources */ = {isa = PBXBuildFile; fileRef = 43AA7A3819DAFA38004635B0 /* UIImage+Utils.m */; };
		43F0756C19DA010100757CF8 /* UIImageViewUtiles.m in Sources */ = {isa = PBXBuildFile; fileRef = 43F0756B19DA010100757CF8 /* UIImageViewUtiles.m */; };
/* End PBXBuildFile section */

/* Begin PBXContainerItemProxy section */
		4304AE3619D805AB00F43AA6 /* PBXContainerItemProxy */ = {
			isa = PBXContainerItemProxy;
			containerPortal = 4304AE1119D805AB00F43AA6 /* Project object */;
			proxyType = 1;
			remoteGlobalIDString = 4304AE1819D805AB00F43AA6;
			remoteInfo = VKMessager;
		};
/* End PBXContainerItemProxy section */

/* Begin PBXFileReference section */
		4304AE1919D805AB00F43AA6 /* VKMessager.app */ = {isa = PBXFileReference; explicitFileType = wrapper.application; includeInIndex = 0; path = VKMessager.app; sourceTree = BUILT_PRODUCTS_DIR; };
		4304AE1D19D805AB00F43AA6 /* Info.plist */ = {isa = PBXFileReference; lastKnownFileType = text.plist.xml; path = Info.plist; sourceTree = "<group>"; };
		4304AE1E19D805AB00F43AA6 /* main.m */ = {isa = PBXFileReference; lastKnownFileType = sourcecode.c.objc; path = main.m; sourceTree = "<group>"; };
		4304AE2019D805AB00F43AA6 /* AppDelegate.h */ = {isa = PBXFileReference; lastKnownFileType = sourcecode.c.h; path = AppDelegate.h; sourceTree = "<group>"; };
		4304AE2119D805AB00F43AA6 /* AppDelegate.m */ = {isa = PBXFileReference; lastKnownFileType = sourcecode.c.objc; path = AppDelegate.m; sourceTree = "<group>"; };
		4304AE2A19D805AB00F43AA6 /* Base */ = {isa = PBXFileReference; lastKnownFileType = file.storyboard; name = Base; path = Base.lproj/Main.storyboard; sourceTree = "<group>"; };
		4304AE2C19D805AB00F43AA6 /* Images.xcassets */ = {isa = PBXFileReference; lastKnownFileType = folder.assetcatalog; path = Images.xcassets; sourceTree = "<group>"; };
		4304AE2F19D805AB00F43AA6 /* Base */ = {isa = PBXFileReference; lastKnownFileType = file.xib; name = Base; path = Base.lproj/LaunchScreen.xib; sourceTree = "<group>"; };
		4304AE3519D805AB00F43AA6 /* VKMessagerTests.xctest */ = {isa = PBXFileReference; explicitFileType = wrapper.cfbundle; includeInIndex = 0; path = VKMessagerTests.xctest; sourceTree = BUILT_PRODUCTS_DIR; };
		4304AE3A19D805AB00F43AA6 /* Info.plist */ = {isa = PBXFileReference; lastKnownFileType = text.plist.xml; path = Info.plist; sourceTree = "<group>"; };
		4304AE3B19D805AB00F43AA6 /* VKMessagerTests.m */ = {isa = PBXFileReference; lastKnownFileType = sourcecode.c.objc; path = VKMessagerTests.m; sourceTree = "<group>"; };
		4304AE4519D8299900F43AA6 /* NKDialogList.h */ = {isa = PBXFileReference; fileEncoding = 4; lastKnownFileType = sourcecode.c.h; name = NKDialogList.h; path = src/NKDialogList.h; sourceTree = "<group>"; };
		4304AE4619D8299900F43AA6 /* NKDialogList.m */ = {isa = PBXFileReference; fileEncoding = 4; lastKnownFileType = sourcecode.c.objc; name = NKDialogList.m; path = src/NKDialogList.m; sourceTree = "<group>"; };
		4336CE6319D8A93C00956285 /* NKDialogView.h */ = {isa = PBXFileReference; fileEncoding = 4; lastKnownFileType = sourcecode.c.h; name = NKDialogView.h; path = src/NKDialogView.h; sourceTree = "<group>"; };
		4336CE6419D8A93C00956285 /* NKDialogView.m */ = {isa = PBXFileReference; fileEncoding = 4; lastKnownFileType = sourcecode.c.objc; name = NKDialogView.m; path = src/NKDialogView.m; sourceTree = "<group>"; };
		43AA7A2219DAFA38004635B0 /* Default-568h@2x.png */ = {isa = PBXFileReference; lastKnownFileType = image.png; path = "Default-568h@2x.png"; sourceTree = "<group>"; };
		43AA7A2319DAFA38004635B0 /* Default.png */ = {isa = PBXFileReference; lastKnownFileType = image.png; path = Default.png; sourceTree = "<group>"; };
		43AA7A2419DAFA38004635B0 /* Default@2x.png */ = {isa = PBXFileReference; lastKnownFileType = image.png; path = "Default@2x.png"; sourceTree = "<group>"; };
		43AA7A2719DAFA38004635B0 /* ImageBubbleMask@2x~iphone.png */ = {isa = PBXFileReference; lastKnownFileType = image.png; path = "ImageBubbleMask@2x~iphone.png"; sourceTree = "<group>"; };
		43AA7A2819DAFA38004635B0 /* ImageBubbleMask~iphone.png */ = {isa = PBXFileReference; lastKnownFileType = image.png; path = "ImageBubbleMask~iphone.png"; sourceTree = "<group>"; };
		43AA7A2C19DAFA38004635B0 /* CopyLabel.h */ = {isa = PBXFileReference; fileEncoding = 4; lastKnownFileType = sourcecode.c.h; path = CopyLabel.h; sourceTree = "<group>"; };
		43AA7A2D19DAFA38004635B0 /* CopyLabel.m */ = {isa = PBXFileReference; fileEncoding = 4; lastKnownFileType = sourcecode.c.objc; path = CopyLabel.m; sourceTree = "<group>"; };
		43AA7A2E19DAFA38004635B0 /* ImageBubbleAppDelegate.h */ = {isa = PBXFileReference; fileEncoding = 4; lastKnownFileType = sourcecode.c.h; path = ImageBubbleAppDelegate.h; sourceTree = "<group>"; };
		43AA7A2F19DAFA38004635B0 /* ImageBubbleAppDelegate.m */ = {isa = PBXFileReference; fileEncoding = 4; lastKnownFileType = sourcecode.c.objc; path = ImageBubbleAppDelegate.m; sourceTree = "<group>"; };
		43AA7A3019DAFA38004635B0 /* ImageBubbleViewController.h */ = {isa = PBXFileReference; fileEncoding = 4; lastKnownFileType = sourcecode.c.h; path = ImageBubbleViewController.h; sourceTree = "<group>"; };
		43AA7A3119DAFA38004635B0 /* ImageBubbleViewController.m */ = {isa = PBXFileReference; fileEncoding = 4; lastKnownFileType = sourcecode.c.objc; path = ImageBubbleViewController.m; sourceTree = "<group>"; };
		43AA7A3319DAFA38004635B0 /* MessageBubbleView.h */ = {isa = PBXFileReference; fileEncoding = 4; lastKnownFileType = sourcecode.c.h; path = MessageBubbleView.h; sourceTree = "<group>"; };
		43AA7A3419DAFA38004635B0 /* MessageBubbleView.m */ = {isa = PBXFileReference; fileEncoding = 4; lastKnownFileType = sourcecode.c.objc; path = MessageBubbleView.m; sourceTree = "<group>"; };
		43AA7A3519DAFA38004635B0 /* TextMessageBubbleViewButton.h */ = {isa = PBXFileReference; fileEncoding = 4; lastKnownFileType = sourcecode.c.h; path = TextMessageBubbleViewButton.h; sourceTree = "<group>"; };
		43AA7A3619DAFA38004635B0 /* TextMessageBubbleViewButton.m */ = {isa = PBXFileReference; fileEncoding = 4; lastKnownFileType = sourcecode.c.objc; path = TextMessageBubbleViewButton.m; sourceTree = "<group>"; };
		43AA7A3719DAFA38004635B0 /* UIImage+Utils.h */ = {isa = PBXFileReference; fileEncoding = 4; lastKnownFileType = sourcecode.c.h; path = "UIImage+Utils.h"; sourceTree = "<group>"; };
		43AA7A3819DAFA38004635B0 /* UIImage+Utils.m */ = {isa = PBXFileReference; fileEncoding = 4; lastKnownFileType = sourcecode.c.objc; path = "UIImage+Utils.m"; sourceTree = "<group>"; };
		43F0756A19DA010100757CF8 /* UIImageViewUtiles.h */ = {isa = PBXFileReference; fileEncoding = 4; lastKnownFileType = sourcecode.c.h; name = UIImageViewUtiles.h; path = src/opt/UIImageViewUtiles.h; sourceTree = "<group>"; };
		43F0756B19DA010100757CF8 /* UIImageViewUtiles.m */ = {isa = PBXFileReference; fileEncoding = 4; lastKnownFileType = sourcecode.c.objc; name = UIImageViewUtiles.m; path = src/opt/UIImageViewUtiles.m; sourceTree = "<group>"; };
		64AA3A0BF8A6485B96B535EC /* libPods.a */ = {isa = PBXFileReference; explicitFileType = archive.ar; includeInIndex = 0; path = libPods.a; sourceTree = BUILT_PRODUCTS_DIR; };
		D872E776E2D14608BD879A93 /* Pods.xcconfig */ = {isa = PBXFileReference; includeInIndex = 1; lastKnownFileType = text.xcconfig; name = Pods.xcconfig; path = Pods/Pods.xcconfig; sourceTree = "<group>"; };
/* End PBXFileReference section */

/* Begin PBXFrameworksBuildPhase section */
		4304AE1619D805AB00F43AA6 /* Frameworks */ = {
			isa = PBXFrameworksBuildPhase;
			buildActionMask = 2147483647;
			files = (
				054D1BE7EB384CCE9719CD95 /* libPods.a in Frameworks */,
			);
			runOnlyForDeploymentPostprocessing = 0;
		};
		4304AE3219D805AB00F43AA6 /* Frameworks */ = {
			isa = PBXFrameworksBuildPhase;
			buildActionMask = 2147483647;
			files = (
			);
			runOnlyForDeploymentPostprocessing = 0;
		};
/* End PBXFrameworksBuildPhase section */

/* Begin PBXGroup section */
		4304AE1019D805AB00F43AA6 = {
			isa = PBXGroup;
			children = (
				4304AE1B19D805AB00F43AA6 /* VKMessager */,
				4304AE3819D805AB00F43AA6 /* VKMessagerTests */,
				4304AE1A19D805AB00F43AA6 /* Products */,
				D872E776E2D14608BD879A93 /* Pods.xcconfig */,
				5360DCA7E2754517A2FAEE6B /* Frameworks */,
			);
			sourceTree = "<group>";
		};
		4304AE1A19D805AB00F43AA6 /* Products */ = {
			isa = PBXGroup;
			children = (
				4304AE1919D805AB00F43AA6 /* VKMessager.app */,
				4304AE3519D805AB00F43AA6 /* VKMessagerTests.xctest */,
			);
			name = Products;
			sourceTree = "<group>";
		};
		4304AE1B19D805AB00F43AA6 /* VKMessager */ = {
			isa = PBXGroup;
			children = (
				4304AE2019D805AB00F43AA6 /* AppDelegate.h */,
				4304AE2119D805AB00F43AA6 /* AppDelegate.m */,
				4304AE4519D8299900F43AA6 /* NKDialogList.h */,
				4304AE4619D8299900F43AA6 /* NKDialogList.m */,
				4336CE6319D8A93C00956285 /* NKDialogView.h */,
				4336CE6419D8A93C00956285 /* NKDialogView.m */,
				43F0756D19DA010800757CF8 /* opt */,
				4304AE2919D805AB00F43AA6 /* Main.storyboard */,
				4304AE2C19D805AB00F43AA6 /* Images.xcassets */,
				4304AE2E19D805AB00F43AA6 /* LaunchScreen.xib */,
				4304AE1C19D805AB00F43AA6 /* Supporting Files */,
			);
			path = VKMessager;
			sourceTree = "<group>";
		};
		4304AE1C19D805AB00F43AA6 /* Supporting Files */ = {
			isa = PBXGroup;
			children = (
				4304AE1D19D805AB00F43AA6 /* Info.plist */,
				4304AE1E19D805AB00F43AA6 /* main.m */,
			);
			name = "Supporting Files";
			sourceTree = "<group>";
		};
		4304AE3819D805AB00F43AA6 /* VKMessagerTests */ = {
			isa = PBXGroup;
			children = (
				4304AE3B19D805AB00F43AA6 /* VKMessagerTests.m */,
				4304AE3919D805AB00F43AA6 /* Supporting Files */,
			);
			path = VKMessagerTests;
			sourceTree = "<group>";
		};
		4304AE3919D805AB00F43AA6 /* Supporting Files */ = {
			isa = PBXGroup;
			children = (
				4304AE3A19D805AB00F43AA6 /* Info.plist */,
			);
			name = "Supporting Files";
			sourceTree = "<group>";
		};
		43AA7A2019DAFA38004635B0 /* buble */ = {
			isa = PBXGroup;
			children = (
				43AA7A2119DAFA38004635B0 /* img */,
				43AA7A2B19DAFA38004635B0 /* src */,
			);
			name = buble;
			path = src/buble;
			sourceTree = "<group>";
		};
		43AA7A2119DAFA38004635B0 /* img */ = {
			isa = PBXGroup;
			children = (
				43AA7A2219DAFA38004635B0 /* Default-568h@2x.png */,
				43AA7A2319DAFA38004635B0 /* Default.png */,
				43AA7A2419DAFA38004635B0 /* Default@2x.png */,
				43AA7A2719DAFA38004635B0 /* ImageBubbleMask@2x~iphone.png */,
				43AA7A2819DAFA38004635B0 /* ImageBubbleMask~iphone.png */,
			);
			path = img;
			sourceTree = "<group>";
		};
		43AA7A2B19DAFA38004635B0 /* src */ = {
			isa = PBXGroup;
			children = (
				43AA7A2C19DAFA38004635B0 /* CopyLabel.h */,
				43AA7A2D19DAFA38004635B0 /* CopyLabel.m */,
				43AA7A2E19DAFA38004635B0 /* ImageBubbleAppDelegate.h */,
				43AA7A2F19DAFA38004635B0 /* ImageBubbleAppDelegate.m */,
				43AA7A3019DAFA38004635B0 /* ImageBubbleViewController.h */,
				43AA7A3119DAFA38004635B0 /* ImageBubbleViewController.m */,
				43AA7A3319DAFA38004635B0 /* MessageBubbleView.h */,
				43AA7A3419DAFA38004635B0 /* MessageBubbleView.m */,
				43AA7A3519DAFA38004635B0 /* TextMessageBubbleViewButton.h */,
				43AA7A3619DAFA38004635B0 /* TextMessageBubbleViewButton.m */,
				43AA7A3719DAFA38004635B0 /* UIImage+Utils.h */,
				43AA7A3819DAFA38004635B0 /* UIImage+Utils.m */,
			);
			path = src;
			sourceTree = "<group>";
		};
		43F0756D19DA010800757CF8 /* opt */ = {
			isa = PBXGroup;
			children = (
				43AA7A2019DAFA38004635B0 /* buble */,
				43F0756A19DA010100757CF8 /* UIImageViewUtiles.h */,
				43F0756B19DA010100757CF8 /* UIImageViewUtiles.m */,
			);
			name = opt;
			sourceTree = "<group>";
		};
		5360DCA7E2754517A2FAEE6B /* Frameworks */ = {
			isa = PBXGroup;
			children = (
				64AA3A0BF8A6485B96B535EC /* libPods.a */,
			);
			name = Frameworks;
			sourceTree = "<group>";
		};
/* End PBXGroup section */

/* Begin PBXNativeTarget section */
		4304AE1819D805AB00F43AA6 /* VKMessager */ = {
			isa = PBXNativeTarget;
			buildConfigurationList = 4304AE3F19D805AB00F43AA6 /* Build configuration list for PBXNativeTarget "VKMessager" */;
			buildPhases = (
				8F1F16517D7E48109819D411 /* Check Pods Manifest.lock */,
				4304AE1519D805AB00F43AA6 /* Sources */,
				4304AE1619D805AB00F43AA6 /* Frameworks */,
				4304AE1719D805AB00F43AA6 /* Resources */,
				91E9F98C14654FFE8EC9A03C /* Copy Pods Resources */,
			);
			buildRules = (
			);
			dependencies = (
			);
			name = VKMessager;
			productName = VKMessager;
			productReference = 4304AE1919D805AB00F43AA6 /* VKMessager.app */;
			productType = "com.apple.product-type.application";
		};
		4304AE3419D805AB00F43AA6 /* VKMessagerTests */ = {
			isa = PBXNativeTarget;
			buildConfigurationList = 4304AE4219D805AB00F43AA6 /* Build configuration list for PBXNativeTarget "VKMessagerTests" */;
			buildPhases = (
				4304AE3119D805AB00F43AA6 /* Sources */,
				4304AE3219D805AB00F43AA6 /* Frameworks */,
				4304AE3319D805AB00F43AA6 /* Resources */,
			);
			buildRules = (
			);
			dependencies = (
				4304AE3719D805AB00F43AA6 /* PBXTargetDependency */,
			);
			name = VKMessagerTests;
			productName = VKMessagerTests;
			productReference = 4304AE3519D805AB00F43AA6 /* VKMessagerTests.xctest */;
			productType = "com.apple.product-type.bundle.unit-test";
		};
/* End PBXNativeTarget section */

/* Begin PBXProject section */
		4304AE1119D805AB00F43AA6 /* Project object */ = {
			isa = PBXProject;
			attributes = {
				LastUpgradeCheck = 0600;
				ORGANIZATIONNAME = "Nick Kibish";
				TargetAttributes = {
					4304AE1819D805AB00F43AA6 = {
						CreatedOnToolsVersion = 6.0.1;
					};
					4304AE3419D805AB00F43AA6 = {
						CreatedOnToolsVersion = 6.0.1;
						TestTargetID = 4304AE1819D805AB00F43AA6;
					};
				};
			};
			buildConfigurationList = 4304AE1419D805AB00F43AA6 /* Build configuration list for PBXProject "VKMessager" */;
			compatibilityVersion = "Xcode 3.2";
			developmentRegion = English;
			hasScannedForEncodings = 0;
			knownRegions = (
				en,
				Base,
			);
			mainGroup = 4304AE1019D805AB00F43AA6;
			productRefGroup = 4304AE1A19D805AB00F43AA6 /* Products */;
			projectDirPath = "";
			projectRoot = "";
			targets = (
				4304AE1819D805AB00F43AA6 /* VKMessager */,
				4304AE3419D805AB00F43AA6 /* VKMessagerTests */,
			);
		};
/* End PBXProject section */

/* Begin PBXResourcesBuildPhase section */
		4304AE1719D805AB00F43AA6 /* Resources */ = {
			isa = PBXResourcesBuildPhase;
			buildActionMask = 2147483647;
			files = (
				43AA7A3E19DAFA38004635B0 /* ImageBubbleMask@2x~iphone.png in Resources */,
				43AA7A3B19DAFA38004635B0 /* Default@2x.png in Resources */,
				4304AE2B19D805AB00F43AA6 /* Main.storyboard in Resources */,
				43AA7A3F19DAFA38004635B0 /* ImageBubbleMask~iphone.png in Resources */,
				43AA7A3919DAFA38004635B0 /* Default-568h@2x.png in Resources */,
				4304AE3019D805AB00F43AA6 /* LaunchScreen.xib in Resources */,
				4304AE2D19D805AB00F43AA6 /* Images.xcassets in Resources */,
				43AA7A3A19DAFA38004635B0 /* Default.png in Resources */,
			);
			runOnlyForDeploymentPostprocessing = 0;
		};
		4304AE3319D805AB00F43AA6 /* Resources */ = {
			isa = PBXResourcesBuildPhase;
			buildActionMask = 2147483647;
			files = (
			);
			runOnlyForDeploymentPostprocessing = 0;
		};
/* End PBXResourcesBuildPhase section */

/* Begin PBXShellScriptBuildPhase section */
		8F1F16517D7E48109819D411 /* Check Pods Manifest.lock */ = {
			isa = PBXShellScriptBuildPhase;
			buildActionMask = 2147483647;
			files = (
			);
			inputPaths = (
			);
			name = "Check Pods Manifest.lock";
			outputPaths = (
			);
			runOnlyForDeploymentPostprocessing = 0;
			shellPath = /bin/sh;
			shellScript = "diff \"${PODS_ROOT}/../Podfile.lock\" \"${PODS_ROOT}/Manifest.lock\" > /dev/null\nif [[ $? != 0 ]] ; then\n    cat << EOM\nerror: The sandbox is not in sync with the Podfile.lock. Run 'pod install' or update your CocoaPods installation.\nEOM\n    exit 1\nfi\n";
			showEnvVarsInLog = 0;
		};
		91E9F98C14654FFE8EC9A03C /* Copy Pods Resources */ = {
			isa = PBXShellScriptBuildPhase;
			buildActionMask = 2147483647;
			files = (
			);
			inputPaths = (
			);
			name = "Copy Pods Resources";
			outputPaths = (
			);
			runOnlyForDeploymentPostprocessing = 0;
			shellPath = /bin/sh;
			shellScript = "\"${SRCROOT}/Pods/Pods-resources.sh\"\n";
			showEnvVarsInLog = 0;
		};
/* End PBXShellScriptBuildPhase section */

/* Begin PBXSourcesBuildPhase section */
		4304AE1519D805AB00F43AA6 /* Sources */ = {
			isa = PBXSourcesBuildPhase;
			buildActionMask = 2147483647;
			files = (
				43F0756C19DA010100757CF8 /* UIImageViewUtiles.m in Sources */,
				43AA7A4219DAFA38004635B0 /* CopyLabel.m in Sources */,
				43AA7A4619DAFA38004635B0 /* MessageBubbleView.m in Sources */,
				43AA7A4819DAFA38004635B0 /* UIImage+Utils.m in Sources */,
				43AA7A4319DAFA38004635B0 /* ImageBubbleAppDelegate.m in Sources */,
				43AA7A4719DAFA38004635B0 /* TextMessageBubbleViewButton.m in Sources */,
				4304AE2219D805AB00F43AA6 /* AppDelegate.m in Sources */,
				43AA7A4419DAFA38004635B0 /* ImageBubbleViewController.m in Sources */,
				4336CE6519D8A93C00956285 /* NKDialogView.m in Sources */,
				4304AE1F19D805AB00F43AA6 /* main.m in Sources */,
				4304AE4719D8299900F43AA6 /* NKDialogList.m in Sources */,
			);
			runOnlyForDeploymentPostprocessing = 0;
		};
		4304AE3119D805AB00F43AA6 /* Sources */ = {
			isa = PBXSourcesBuildPhase;
			buildActionMask = 2147483647;
			files = (
				4304AE3C19D805AB00F43AA6 /* VKMessagerTests.m in Sources */,
			);
			runOnlyForDeploymentPostprocessing = 0;
		};
/* End PBXSourcesBuildPhase section */

/* Begin PBXTargetDependency section */
		4304AE3719D805AB00F43AA6 /* PBXTargetDependency */ = {
			isa = PBXTargetDependency;
			target = 4304AE1819D805AB00F43AA6 /* VKMessager */;
			targetProxy = 4304AE3619D805AB00F43AA6 /* PBXContainerItemProxy */;
		};
/* End PBXTargetDependency section */

/* Begin PBXVariantGroup section */
		4304AE2919D805AB00F43AA6 /* Main.storyboard */ = {
			isa = PBXVariantGroup;
			children = (
				4304AE2A19D805AB00F43AA6 /* Base */,
			);
			name = Main.storyboard;
			sourceTree = "<group>";
		};
		4304AE2E19D805AB00F43AA6 /* LaunchScreen.xib */ = {
			isa = PBXVariantGroup;
			children = (
				4304AE2F19D805AB00F43AA6 /* Base */,
			);
			name = LaunchScreen.xib;
			sourceTree = "<group>";
		};
/* End PBXVariantGroup section */

/* Begin XCBuildConfiguration section */
		4304AE3D19D805AB00F43AA6 /* Debug */ = {
			isa = XCBuildConfiguration;
			buildSettings = {
				ALWAYS_SEARCH_USER_PATHS = NO;
				CLANG_CXX_LANGUAGE_STANDARD = "gnu++0x";
				CLANG_CXX_LIBRARY = "libc++";
				CLANG_ENABLE_MODULES = YES;
				CLANG_ENABLE_OBJC_ARC = YES;
				CLANG_WARN_BOOL_CONVERSION = YES;
				CLANG_WARN_CONSTANT_CONVERSION = YES;
				CLANG_WARN_DIRECT_OBJC_ISA_USAGE = YES_ERROR;
				CLANG_WARN_EMPTY_BODY = YES;
				CLANG_WARN_ENUM_CONVERSION = YES;
				CLANG_WARN_INT_CONVERSION = YES;
				CLANG_WARN_OBJC_ROOT_CLASS = YES_ERROR;
				CLANG_WARN_UNREACHABLE_CODE = YES;
				CLANG_WARN__DUPLICATE_METHOD_MATCH = YES;
				"CODE_SIGN_IDENTITY[sdk=iphoneos*]" = "iPhone Developer";
				COPY_PHASE_STRIP = NO;
				ENABLE_STRICT_OBJC_MSGSEND = YES;
				GCC_C_LANGUAGE_STANDARD = gnu99;
				GCC_DYNAMIC_NO_PIC = NO;
				GCC_OPTIMIZATION_LEVEL = 0;
				GCC_PREPROCESSOR_DEFINITIONS = (
					"DEBUG=1",
					"$(inherited)",
				);
				GCC_SYMBOLS_PRIVATE_EXTERN = NO;
				GCC_WARN_64_TO_32_BIT_CONVERSION = YES;
				GCC_WARN_ABOUT_RETURN_TYPE = YES_ERROR;
				GCC_WARN_UNDECLARED_SELECTOR = YES;
				GCC_WARN_UNINITIALIZED_AUTOS = YES_AGGRESSIVE;
				GCC_WARN_UNUSED_FUNCTION = YES;
				GCC_WARN_UNUSED_VARIABLE = YES;
				IPHONEOS_DEPLOYMENT_TARGET = 8.0;
				MTL_ENABLE_DEBUG_INFO = YES;
				ONLY_ACTIVE_ARCH = YES;
				SDKROOT = iphoneos;
				TARGETED_DEVICE_FAMILY = "1,2";
			};
			name = Debug;
		};
		4304AE3E19D805AB00F43AA6 /* Release */ = {
			isa = XCBuildConfiguration;
			buildSettings = {
				ALWAYS_SEARCH_USER_PATHS = NO;
				CLANG_CXX_LANGUAGE_STANDARD = "gnu++0x";
				CLANG_CXX_LIBRARY = "libc++";
				CLANG_ENABLE_MODULES = YES;
				CLANG_ENABLE_OBJC_ARC = YES;
				CLANG_WARN_BOOL_CONVERSION = YES;
				CLANG_WARN_CONSTANT_CONVERSION = YES;
				CLANG_WARN_DIRECT_OBJC_ISA_USAGE = YES_ERROR;
				CLANG_WARN_EMPTY_BODY = YES;
				CLANG_WARN_ENUM_CONVERSION = YES;
				CLANG_WARN_INT_CONVERSION = YES;
				CLANG_WARN_OBJC_ROOT_CLASS = YES_ERROR;
				CLANG_WARN_UNREACHABLE_CODE = YES;
				CLANG_WARN__DUPLICATE_METHOD_MATCH = YES;
				"CODE_SIGN_IDENTITY[sdk=iphoneos*]" = "iPhone Developer";
				COPY_PHASE_STRIP = YES;
				ENABLE_NS_ASSERTIONS = NO;
				ENABLE_STRICT_OBJC_MSGSEND = YES;
				GCC_C_LANGUAGE_STANDARD = gnu99;
				GCC_WARN_64_TO_32_BIT_CONVERSION = YES;
				GCC_WARN_ABOUT_RETURN_TYPE = YES_ERROR;
				GCC_WARN_UNDECLARED_SELECTOR = YES;
				GCC_WARN_UNINITIALIZED_AUTOS = YES_AGGRESSIVE;
				GCC_WARN_UNUSED_FUNCTION = YES;
				GCC_WARN_UNUSED_VARIABLE = YES;
				IPHONEOS_DEPLOYMENT_TARGET = 8.0;
				MTL_ENABLE_DEBUG_INFO = NO;
				SDKROOT = iphoneos;
				TARGETED_DEVICE_FAMILY = "1,2";
				VALIDATE_PRODUCT = YES;
			};
			name = Release;
		};
		4304AE4019D805AB00F43AA6 /* Debug */ = {
			isa = XCBuildConfiguration;
			baseConfigurationReference = D872E776E2D14608BD879A93 /* Pods.xcconfig */;
			buildSettings = {
				ASSETCATALOG_COMPILER_APPICON_NAME = AppIcon;
				INFOPLIST_FILE = VKMessager/Info.plist;
				LD_RUNPATH_SEARCH_PATHS = "$(inherited) @executable_path/Frameworks";
				PRODUCT_NAME = "$(TARGET_NAME)";
			};
			name = Debug;
		};
		4304AE4119D805AB00F43AA6 /* Release */ = {
			isa = XCBuildConfiguration;
			baseConfigurationReference = D872E776E2D14608BD879A93 /* Pods.xcconfig */;
			buildSettings = {
				ASSETCATALOG_COMPILER_APPICON_NAME = AppIcon;
				INFOPLIST_FILE = VKMessager/Info.plist;
				LD_RUNPATH_SEARCH_PATHS = "$(inherited) @executable_path/Frameworks";
				PRODUCT_NAME = "$(TARGET_NAME)";
			};
			name = Release;
		};
		4304AE4319D805AB00F43AA6 /* Debug */ = {
			isa = XCBuildConfiguration;
			buildSettings = {
				BUNDLE_LOADER = "$(TEST_HOST)";
				FRAMEWORK_SEARCH_PATHS = (
					"$(SDKROOT)/Developer/Library/Frameworks",
					"$(inherited)",
				);
				GCC_PREPROCESSOR_DEFINITIONS = (
					"DEBUG=1",
					"$(inherited)",
				);
				INFOPLIST_FILE = VKMessagerTests/Info.plist;
				LD_RUNPATH_SEARCH_PATHS = "$(inherited) @executable_path/Frameworks @loader_path/Frameworks";
				PRODUCT_NAME = "$(TARGET_NAME)";
				TEST_HOST = "$(BUILT_PRODUCTS_DIR)/VKMessager.app/VKMessager";
			};
			name = Debug;
		};
		4304AE4419D805AB00F43AA6 /* Release */ = {
			isa = XCBuildConfiguration;
			buildSettings = {
				BUNDLE_LOADER = "$(TEST_HOST)";
				FRAMEWORK_SEARCH_PATHS = (
					"$(SDKROOT)/Developer/Library/Frameworks",
					"$(inherited)",
				);
				INFOPLIST_FILE = VKMessagerTests/Info.plist;
				LD_RUNPATH_SEARCH_PATHS = "$(inherited) @executable_path/Frameworks @loader_path/Frameworks";
				PRODUCT_NAME = "$(TARGET_NAME)";
				TEST_HOST = "$(BUILT_PRODUCTS_DIR)/VKMessager.app/VKMessager";
			};
			name = Release;
		};
/* End XCBuildConfiguration section */

/* Begin XCConfigurationList section */
		4304AE1419D805AB00F43AA6 /* Build configuration list for PBXProject "VKMessager" */ = {
			isa = XCConfigurationList;
			buildConfigurations = (
				4304AE3D19D805AB00F43AA6 /* Debug */,
				4304AE3E19D805AB00F43AA6 /* Release */,
			);
			defaultConfigurationIsVisible = 0;
			defaultConfigurationName = Release;
		};
		4304AE3F19D805AB00F43AA6 /* Build configuration list for PBXNativeTarget "VKMessager" */ = {
			isa = XCConfigurationList;
			buildConfigurations = (
				4304AE4019D805AB00F43AA6 /* Debug */,
				4304AE4119D805AB00F43AA6 /* Release */,
			);
			defaultConfigurationIsVisible = 0;
			defaultConfigurationName = Release;
		};
		4304AE4219D805AB00F43AA6 /* Build configuration list for PBXNativeTarget "VKMessagerTests" */ = {
			isa = XCConfigurationList;
			buildConfigurations = (
				4304AE4319D805AB00F43AA6 /* Debug */,
				4304AE4419D805AB00F43AA6 /* Release */,
			);
			defaultConfigurationIsVisible = 0;
			defaultConfigurationName = Release;
		};
/* End XCConfigurationList section */
	};
	rootObject = 4304AE1119D805AB00F43AA6 /* Project object */;
}
